
Microsoft Visual Studio Solution File, Format Version 12.00
# Visual Studio 15
VisualStudioVersion = 15.0.27428.2037
MinimumVisualStudioVersion = 10.0.40219.1
Project("{8BC9CEB8-8B4A-11D0-8D11-00A0C91BC942}") = "BattleRun", "BattleRun\BattleRun.vcxproj", "{52FF9BA0-E6B4-4F70-A4F3-0BEA93E59394}"
EndProject
Global
	GlobalSection(SolutionConfigurationPlatforms) = preSolution
		Debug|x64 = Debug|x64
		Debug|x86 = Debug|x86
		Release|x64 = Release|x64
		Release|x86 = Release|x86
	EndGlobalSection
	GlobalSection(ProjectConfigurationPlatforms) = postSolution
		{52FF9BA0-E6B4-4F70-A4F3-0BEA93E59394}.Debug|x64.ActiveCfg = Debug|x64
		{52FF9BA0-E6B4-4F70-A4F3-0BEA93E59394}.Debug|x64.Build.0 = Debug|x64
		{52FF9BA0-E6B4-4F70-A4F3-0BEA93E59394}.Debug|x86.ActiveCfg = Debug|Win32
		{52FF9BA0-E6B4-4F70-A4F3-0BEA93E59394}.Debug|x86.Build.0 = Debug|Win32
		{52FF9BA0-E6B4-4F70-A4F3-0BEA93E59394}.Release|x64.ActiveCfg = Release|x64
		{52FF9BA0-E6B4-4F70-A4F3-0BEA93E59394}.Release|x64.Build.0 = Release|x64
		{52FF9BA0-E6B4-4F70-A4F3-0BEA93E59394}.Release|x86.ActiveCfg = Release|Win32
		{52FF9BA0-E6B4-4F70-A4F3-0BEA93E59394}.Release|x86.Build.0 = Release|Win32
	EndGlobalSection
	GlobalSection(SolutionProperties) = preSolution
		HideSolutionNode = FALSE
	EndGlobalSection
	GlobalSection(ExtensibilityGlobals) = postSolution
		SolutionGuid = {4CCBB7AC-70DF-4BF1-A7F8-5D25EB0FAFEC}
	EndGlobalSection
EndGlobal
